{
  "version": 4,
  "terraform_version": "1.5.7",
  "serial": 144,
  "lineage": "44531394-fc39-0485-5e07-75659324eeca",
  "outputs": {},
  "resources": [
    {
      "module": "module.gke",
      "mode": "managed",
      "type": "google_container_cluster",
      "name": "primary",
      "provider": "provider[\"registry.terraform.io/hashicorp/google\"]",
      "instances": [
        {
          "schema_version": 1,
          "attributes": {
            "addons_config": [
              {
                "cloudrun_config": [],
                "horizontal_pod_autoscaling": [],
                "http_load_balancing": [],
                "network_policy_config": [
                  {
                    "disabled": true
                  }
                ]
              }
            ],
            "authenticator_groups_config": [],
            "cluster_autoscaling": [
              {
                "auto_provisioning_defaults": [],
                "enabled": false,
                "resource_limits": []
              }
            ],
            "cluster_ipv4_cidr": "10.128.0.0/14",
            "confidential_nodes": [],
            "database_encryption": [
              {
                "key_name": "",
                "state": "DECRYPTED"
              }
            ],
            "datapath_provider": "",
            "default_max_pods_per_node": null,
            "default_snat_status": [
              {
                "disabled": false
              }
            ],
            "description": "",
            "enable_autopilot": false,
            "enable_binary_authorization": false,
            "enable_intranode_visibility": false,
            "enable_kubernetes_alpha": false,
            "enable_legacy_abac": false,
            "enable_shielded_nodes": true,
            "enable_tpu": false,
            "endpoint": "34.121.217.219",
            "id": "projects/wizeline-deb-capstone/locations/us-central1-b/clusters/airflow-gke-sidtest",
            "initial_node_count": 1,
            "ip_allocation_policy": [],
            "label_fingerprint": "a9dc16a7",
            "location": "us-central1-b",
            "logging_config": [
              {
                "enable_components": [
                  "SYSTEM_COMPONENTS",
                  "WORKLOADS"
                ]
              }
            ],
            "logging_service": "logging.googleapis.com/kubernetes",
            "maintenance_policy": [],
            "master_auth": [
              {
                "client_certificate": "",
                "client_certificate_config": [
                  {
                    "issue_client_certificate": false
                  }
                ],
                "client_key": "",
                "cluster_ca_certificate": "LS0tLS1CRUdJTiBDRVJUSUZJQ0FURS0tLS0tCk1JSUVMVENDQXBXZ0F3SUJBZ0lSQUlyM2NmWUgzcnIrYjJPNmNkWkh3cjh3RFFZSktvWklodmNOQVFFTEJRQXcKTHpFdE1Dc0dBMVVFQXhNa1l6RTBORGN4TUdFdE5qWmtOaTAwTkRjNUxXSTRaV0V0TjJKbE1qRXpOekEyWkdObApNQ0FYRFRJek1UQXdPREE1TlRBME1sb1lEekl3TlRNd09UTXdNVEExTURReVdqQXZNUzB3S3dZRFZRUURFeVJqCk1UUTBOekV3WVMwMk5tUTJMVFEwTnprdFlqaGxZUzAzWW1VeU1UTTNNRFprWTJVd2dnR2lNQTBHQ1NxR1NJYjMKRFFFQkFRVUFBNElCandBd2dnR0tBb0lCZ1FDdWlrU0pCOE12em5vWDB1dlE0OCthVU1mVHBYblZwYXVEeVJwdgpZNmRRRFFJMEY3TFRzSWtNTWtDRTN1UzhBVXVQcmhyVkJybmF2MXRCUEFOdGhqdWFsRUYxZ01oMUpHSTRvdnpYCnBwTE1XRTRISzF0bXcwNERaTGtBajZReUNnS285bDNCVXBxb1JYSGl2RnZmaVJhQlpqU1h0MDk4Vk0xOXhwZzcKNHRIMmllVnU5M293N2ZvVXdyK1Z0d09DaWhaZkJsZmNIaDYzZGU1eThGeXUvWmcvUHdYZlB1aGcrWCtpY2psaApPVFFQakQrRHNhd0dMSlovMlJMcnRzZ2hoWlk5NGhzVjhCVTdhRHFIQU1oa2FCTzRFUnlYcmRINXFqNFd2ZjN2ClBXczZxbEk2QXBSTFJySGl2NG1SR3VWRDdmR0EwdHBLTFhaQ0pCSXpxWFdMdGxMbk92QWdHMlR1UHNQeG9mQ0wKTGZaWDd1SjNFV1ZISmNzSXdhY1laQkFvc0JVT2lhMERTdzBVQ0xXZUlHeVBaUG0rQnY0ajErYWhlZ3lyQVJ1SQo3eExsK0JEVkZzR05mK21PdHFaby9PZ2cxbFlBMzBiQWNYTVgzQitnM21UbGlWMFhybjkwOXpsUUtmWjRmVnluCk9rNnZoVUlpSExnSnlMUmg4L05sUmVLYWxqVUNBd0VBQWFOQ01FQXdEZ1lEVlIwUEFRSC9CQVFEQWdJRU1BOEcKQTFVZEV3RUIvd1FGTUFNQkFmOHdIUVlEVlIwT0JCWUVGUGUzUzZaM2NwNDUrdHJZUW9LNG9FMzJRbU9VTUEwRwpDU3FHU0liM0RRRUJDd1VBQTRJQmdRQXFqV3pTRmpvSWQ3dTQ2N2NRUDhOQ042UzluN21vcUJMczNZaktLanNWCk0wUEVPZlFBbzVUVm8rYktsMzR5K2YzRXpDMy8wVzhEczdYc2JUSGd1MVVsU2NZKzZOazhiNG1PRE51eGZRYzkKV1g4WjdER3NHYmRFOUR4djlSbm8wbVFmNnE3c3Awem1HSmhwNTk0a0JqTFMyYnVKTW1jNzNtNWI5VlFvN1JkWApJY09UYzJKb1A3ZmdNUkt4M2Vac0VEcUNkdnk2bzFVSXFHWFhvekpGMkdHUXhCZHpDeTlsVGtZTHh5ZGsyb1pjCnFwZUJCZlprTFk4OFVJZVRXQWxpMHQwTkdiOEh0YXg1b1JCVTlPUi8xcGhzSXREWmdZR21SVjJyMzN0R3BES08KaEx6ZUtTWExCZktTNjVGQjNIUE1ZbzFHMGQ1YVZhZXFIUk53MEUyR1ZlanIrR2VaUU9GZnFha2RLQlNzbnZURQo3clhZZFo4WERYRjJZa29TdkowNnFrOTVtbnRhZHY2clFUK3YzL1p6ZVFOOTZSSkVWOWJndE1iNXNOWnlDdzFnCnluc1NtTHlHc3RvbVIwa1ZpUUt2RkQza2g1RUtFa3h2VEtiQUttTnpPZFpqcTFuOEp2K1dJc0RIT3hOOFZlVysKT3ZEcENMVU54eEg3anVrUzNpOEVOZW89Ci0tLS0tRU5EIENFUlRJRklDQVRFLS0tLS0K"
              }
            ],
            "master_authorized_networks_config": [],
            "master_version": "1.27.3-gke.100",
            "min_master_version": null,
            "monitoring_config": [
              {
                "enable_components": [
                  "SYSTEM_COMPONENTS"
                ]
              }
            ],
            "monitoring_service": "monitoring.googleapis.com/kubernetes",
            "name": "airflow-gke-sidtest",
            "network": "projects/wizeline-deb-capstone/global/networks/wizeline-deb-capstone-vpc",
            "network_policy": [
              {
                "enabled": false,
                "provider": "PROVIDER_UNSPECIFIED"
              }
            ],
            "networking_mode": "ROUTES",
            "node_config": [
              {
                "disk_size_gb": 100,
                "disk_type": "pd-balanced",
                "gcfs_config": [],
                "guest_accelerator": [],
                "image_type": "COS_CONTAINERD",
                "labels": {
                  "env": "wizeline-deb-capstone"
                },
                "local_ssd_count": 0,
                "machine_type": "n1-standard-2",
                "metadata": {
                  "disable-legacy-endpoints": "true"
                },
                "min_cpu_platform": "",
                "node_group": "",
                "oauth_scopes": [
                  "https://www.googleapis.com/auth/logging.write",
                  "https://www.googleapis.com/auth/monitoring"
                ],
                "preemptible": false,
                "service_account": "default",
                "shielded_instance_config": [
                  {
                    "enable_integrity_monitoring": true,
                    "enable_secure_boot": false
                  }
                ],
                "tags": [
                  "gke-node",
                  "wizeline-deb-capstone-gke"
                ],
                "taint": [],
                "workload_metadata_config": []
              }
            ],
            "node_locations": [],
            "node_pool": [
              {
                "autoscaling": [],
                "initial_node_count": 2,
                "instance_group_urls": [
                  "https://www.googleapis.com/compute/v1/projects/wizeline-deb-capstone/zones/us-central1-b/instanceGroupManagers/gke-airflow-gke-sidt-airflow-gke-sidt-b6d8aacb-grp"
                ],
                "managed_instance_group_urls": [
                  "https://www.googleapis.com/compute/v1/projects/wizeline-deb-capstone/zones/us-central1-b/instanceGroups/gke-airflow-gke-sidt-airflow-gke-sidt-b6d8aacb-grp"
                ],
                "management": [
                  {
                    "auto_repair": true,
                    "auto_upgrade": true
                  }
                ],
                "max_pods_per_node": 0,
                "name": "airflow-gke-sidtest-node-pool",
                "name_prefix": "",
                "node_config": [
                  {
                    "disk_size_gb": 100,
                    "disk_type": "pd-balanced",
                    "gcfs_config": [],
                    "guest_accelerator": [],
                    "image_type": "COS_CONTAINERD",
                    "labels": {
                      "env": "wizeline-deb-capstone"
                    },
                    "local_ssd_count": 0,
                    "machine_type": "n1-standard-2",
                    "metadata": {
                      "disable-legacy-endpoints": "true"
                    },
                    "min_cpu_platform": "",
                    "node_group": "",
                    "oauth_scopes": [
                      "https://www.googleapis.com/auth/logging.write",
                      "https://www.googleapis.com/auth/monitoring"
                    ],
                    "preemptible": false,
                    "service_account": "default",
                    "shielded_instance_config": [
                      {
                        "enable_integrity_monitoring": true,
                        "enable_secure_boot": false
                      }
                    ],
                    "tags": [
                      "gke-node",
                      "wizeline-deb-capstone-gke"
                    ],
                    "taint": [],
                    "workload_metadata_config": []
                  }
                ],
                "node_count": 2,
                "node_locations": [
                  "us-central1-b"
                ],
                "upgrade_settings": [
                  {
                    "max_surge": 1,
                    "max_unavailable": 0
                  }
                ],
                "version": "1.27.3-gke.100"
              }
            ],
            "node_version": "1.27.3-gke.100",
            "operation": null,
            "private_cluster_config": [
              {
                "enable_private_endpoint": false,
                "enable_private_nodes": false,
                "master_global_access_config": [
                  {
                    "enabled": false
                  }
                ],
                "master_ipv4_cidr_block": "",
                "peering_name": "",
                "private_endpoint": "10.0.1.4",
                "public_endpoint": "34.121.217.219"
              }
            ],
            "private_ipv6_google_access": "",
            "project": "wizeline-deb-capstone",
            "release_channel": [
              {
                "channel": "REGULAR"
              }
            ],
            "remove_default_node_pool": true,
            "resource_labels": {},
            "resource_usage_export_config": [],
            "self_link": "https://container.googleapis.com/v1/projects/wizeline-deb-capstone/zones/us-central1-b/clusters/airflow-gke-sidtest",
            "services_ipv4_cidr": "10.131.240.0/20",
            "subnetwork": "projects/wizeline-deb-capstone/regions/us-central1/subnetworks/private-0-private-subnet",
            "timeouts": null,
            "tpu_ipv4_cidr_block": "",
            "vertical_pod_autoscaling": [],
            "workload_identity_config": []
          },
          "sensitive_attributes": [],
          "private": "eyJlMmJmYjczMC1lY2FhLTExZTYtOGY4OC0zNDM2M2JjN2M0YzAiOnsiY3JlYXRlIjoyNDAwMDAwMDAwMDAwLCJkZWxldGUiOjI0MDAwMDAwMDAwMDAsInJlYWQiOjI0MDAwMDAwMDAwMDAsInVwZGF0ZSI6MzYwMDAwMDAwMDAwMH0sInNjaGVtYV92ZXJzaW9uIjoiMSJ9",
          "dependencies": [
            "module.vpc.google_compute_network.main-vpc",
            "module.vpc.google_compute_subnetwork.private_subnets"
          ]
        }
      ]
    },
    {
      "module": "module.google_storage_bucket",
      "mode": "managed",
      "type": "google_storage_bucket",
      "name": "capstone_bucket",
      "provider": "provider[\"registry.terraform.io/hashicorp/google\"]",
      "instances": [
        {
          "schema_version": 0,
          "attributes": {
            "cors": [],
            "default_event_based_hold": false,
            "encryption": [],
            "force_destroy": true,
            "id": "wizeline_bootcamp_bucket",
            "labels": {
              "environment": "dev"
            },
            "lifecycle_rule": [],
            "location": "US",
            "logging": [],
            "name": "wizeline_bootcamp_bucket",
            "project": "wizeline-deb-capstone",
            "requester_pays": false,
            "retention_policy": [],
            "self_link": "https://www.googleapis.com/storage/v1/b/wizeline_bootcamp_bucket",
            "storage_class": "STANDARD",
            "uniform_bucket_level_access": false,
            "url": "gs://wizeline_bootcamp_bucket",
            "versioning": [],
            "website": []
          },
          "sensitive_attributes": [],
          "private": "bnVsbA=="
        }
      ]
    },
    {
      "module": "module.vpc",
      "mode": "managed",
      "type": "google_compute_network",
      "name": "main-vpc",
      "provider": "provider[\"registry.terraform.io/hashicorp/google\"]",
      "instances": [
        {
          "schema_version": 0,
          "attributes": {
            "auto_create_subnetworks": false,
            "delete_default_routes_on_create": false,
            "description": "",
            "gateway_ipv4": "",
            "id": "projects/wizeline-deb-capstone/global/networks/wizeline-deb-capstone-vpc",
            "mtu": 0,
            "name": "wizeline-deb-capstone-vpc",
            "project": "wizeline-deb-capstone",
            "routing_mode": "REGIONAL",
            "self_link": "https://www.googleapis.com/compute/v1/projects/wizeline-deb-capstone/global/networks/wizeline-deb-capstone-vpc",
            "timeouts": null
          },
          "sensitive_attributes": [],
          "private": "eyJlMmJmYjczMC1lY2FhLTExZTYtOGY4OC0zNDM2M2JjN2M0YzAiOnsiY3JlYXRlIjoyNDAwMDAwMDAwMDAsImRlbGV0ZSI6MjQwMDAwMDAwMDAwLCJ1cGRhdGUiOjI0MDAwMDAwMDAwMH19"
        }
      ]
    },
    {
      "module": "module.vpc",
      "mode": "managed",
      "type": "google_compute_subnetwork",
      "name": "private_subnets",
      "provider": "provider[\"registry.terraform.io/hashicorp/google\"]",
      "instances": [
        {
          "index_key": 0,
          "schema_version": 0,
          "attributes": {
            "creation_timestamp": "2023-10-08T03:37:44.825-07:00",
            "description": "",
            "external_ipv6_prefix": "",
            "fingerprint": null,
            "gateway_address": "10.0.1.1",
            "id": "projects/wizeline-deb-capstone/regions/us-central1/subnetworks/private-0-private-subnet",
            "ip_cidr_range": "10.0.1.0/24",
            "ipv6_access_type": "",
            "ipv6_cidr_range": "",
            "log_config": [],
            "name": "private-0-private-subnet",
            "network": "https://www.googleapis.com/compute/v1/projects/wizeline-deb-capstone/global/networks/wizeline-deb-capstone-vpc",
            "private_ip_google_access": true,
            "private_ipv6_google_access": "DISABLE_GOOGLE_ACCESS",
            "project": "wizeline-deb-capstone",
            "purpose": "PRIVATE",
            "region": "us-central1",
            "role": "",
            "secondary_ip_range": [],
            "self_link": "https://www.googleapis.com/compute/v1/projects/wizeline-deb-capstone/regions/us-central1/subnetworks/private-0-private-subnet",
            "stack_type": "IPV4_ONLY",
            "timeouts": null
          },
          "sensitive_attributes": [],
          "private": "eyJlMmJmYjczMC1lY2FhLTExZTYtOGY4OC0zNDM2M2JjN2M0YzAiOnsiY3JlYXRlIjozNjAwMDAwMDAwMDAsImRlbGV0ZSI6MzYwMDAwMDAwMDAwLCJ1cGRhdGUiOjM2MDAwMDAwMDAwMH19",
          "dependencies": [
            "module.vpc.google_compute_network.main-vpc"
          ]
        },
        {
          "index_key": 1,
          "schema_version": 0,
          "attributes": {
            "creation_timestamp": "2023-10-08T03:37:44.929-07:00",
            "description": "",
            "external_ipv6_prefix": "",
            "fingerprint": null,
            "gateway_address": "10.0.2.1",
            "id": "projects/wizeline-deb-capstone/regions/us-central1/subnetworks/private-1-private-subnet",
            "ip_cidr_range": "10.0.2.0/24",
            "ipv6_access_type": "",
            "ipv6_cidr_range": "",
            "log_config": [],
            "name": "private-1-private-subnet",
            "network": "https://www.googleapis.com/compute/v1/projects/wizeline-deb-capstone/global/networks/wizeline-deb-capstone-vpc",
            "private_ip_google_access": false,
            "private_ipv6_google_access": "DISABLE_GOOGLE_ACCESS",
            "project": "wizeline-deb-capstone",
            "purpose": "PRIVATE",
            "region": "us-central1",
            "role": "",
            "secondary_ip_range": [],
            "self_link": "https://www.googleapis.com/compute/v1/projects/wizeline-deb-capstone/regions/us-central1/subnetworks/private-1-private-subnet",
            "stack_type": "IPV4_ONLY",
            "timeouts": null
          },
          "sensitive_attributes": [],
          "private": "eyJlMmJmYjczMC1lY2FhLTExZTYtOGY4OC0zNDM2M2JjN2M0YzAiOnsiY3JlYXRlIjozNjAwMDAwMDAwMDAsImRlbGV0ZSI6MzYwMDAwMDAwMDAwLCJ1cGRhdGUiOjM2MDAwMDAwMDAwMH19",
          "dependencies": [
            "module.vpc.google_compute_network.main-vpc"
          ]
        },
        {
          "index_key": 2,
          "schema_version": 0,
          "attributes": {
            "creation_timestamp": "2023-10-08T03:37:45.091-07:00",
            "description": "",
            "external_ipv6_prefix": "",
            "fingerprint": null,
            "gateway_address": "10.0.3.1",
            "id": "projects/wizeline-deb-capstone/regions/us-central1/subnetworks/private-2-private-subnet",
            "ip_cidr_range": "10.0.3.0/24",
            "ipv6_access_type": "",
            "ipv6_cidr_range": "",
            "log_config": [],
            "name": "private-2-private-subnet",
            "network": "https://www.googleapis.com/compute/v1/projects/wizeline-deb-capstone/global/networks/wizeline-deb-capstone-vpc",
            "private_ip_google_access": false,
            "private_ipv6_google_access": "DISABLE_GOOGLE_ACCESS",
            "project": "wizeline-deb-capstone",
            "purpose": "PRIVATE",
            "region": "us-central1",
            "role": "",
            "secondary_ip_range": [],
            "self_link": "https://www.googleapis.com/compute/v1/projects/wizeline-deb-capstone/regions/us-central1/subnetworks/private-2-private-subnet",
            "stack_type": "IPV4_ONLY",
            "timeouts": null
          },
          "sensitive_attributes": [],
          "private": "eyJlMmJmYjczMC1lY2FhLTExZTYtOGY4OC0zNDM2M2JjN2M0YzAiOnsiY3JlYXRlIjozNjAwMDAwMDAwMDAsImRlbGV0ZSI6MzYwMDAwMDAwMDAwLCJ1cGRhdGUiOjM2MDAwMDAwMDAwMH19",
          "dependencies": [
            "module.vpc.google_compute_network.main-vpc"
          ]
        }
      ]
    }
  ],
  "check_results": null
}
