{
  "version": 4,
  "terraform_version": "1.5.7",
  "serial": 356,
  "lineage": "44531394-fc39-0485-5e07-75659324eeca",
  "outputs": {
    "kubernetes_cluster_host": {
      "value": "34.122.234.6",
      "type": "string"
    },
    "kubernetes_cluster_name": {
      "value": "airflow-gke-sidtest",
      "type": "string"
    },
    "location": {
      "value": "us-central1-b",
      "type": "string"
    },
    "project_id": {
      "value": "wizeline-deb-capstone",
      "type": "string"
    },
    "region": {
      "value": "us-central1",
      "type": "string"
    }
  },
  "resources": [
    {
      "module": "module.cloudsql",
      "mode": "managed",
      "type": "google_sql_database",
      "name": "database",
      "provider": "provider[\"registry.terraform.io/hashicorp/google\"]",
      "instances": [
        {
          "schema_version": 0,
          "attributes": {
            "charset": "UTF8",
            "collation": "en_US.UTF8",
            "id": "projects/wizeline-deb-capstone/instances/wizeline-bootcamp/databases/capstone",
            "instance": "wizeline-bootcamp",
            "name": "capstone",
            "project": "wizeline-deb-capstone",
            "self_link": "https://sqladmin.googleapis.com/sql/v1beta4/projects/wizeline-deb-capstone/instances/wizeline-bootcamp/databases/capstone",
            "timeouts": null
          },
          "sensitive_attributes": [],
          "private": "eyJlMmJmYjczMC1lY2FhLTExZTYtOGY4OC0zNDM2M2JjN2M0YzAiOnsiY3JlYXRlIjo5MDAwMDAwMDAwMDAsImRlbGV0ZSI6NjAwMDAwMDAwMDAwLCJ1cGRhdGUiOjYwMDAwMDAwMDAwMH19",
          "dependencies": [
            "module.cloudsql.google_sql_database_instance.sql_instance"
          ]
        }
      ]
    },
    {
      "module": "module.cloudsql",
      "mode": "managed",
      "type": "google_sql_database_instance",
      "name": "sql_instance",
      "provider": "provider[\"registry.terraform.io/hashicorp/google\"]",
      "instances": [
        {
          "schema_version": 0,
          "attributes": {
            "clone": [],
            "connection_name": "wizeline-deb-capstone:us-central1:wizeline-bootcamp",
            "database_version": "POSTGRES_12",
            "deletion_protection": false,
            "first_ip_address": "34.28.130.238",
            "id": "wizeline-bootcamp",
            "ip_address": [
              {
                "ip_address": "34.28.130.238",
                "time_to_retire": "",
                "type": "PRIMARY"
              },
              {
                "ip_address": "35.224.130.111",
                "time_to_retire": "",
                "type": "OUTGOING"
              }
            ],
            "master_instance_name": "",
            "name": "wizeline-bootcamp",
            "private_ip_address": "",
            "project": "wizeline-deb-capstone",
            "public_ip_address": "34.28.130.238",
            "region": "us-central1",
            "replica_configuration": [],
            "restore_backup_context": [],
            "root_password": null,
            "self_link": "https://sqladmin.googleapis.com/sql/v1beta4/projects/wizeline-deb-capstone/instances/wizeline-bootcamp",
            "server_ca_cert": [
              {
                "cert": "-----BEGIN CERTIFICATE-----\nMIIDfzCCAmegAwIBAgIBADANBgkqhkiG9w0BAQsFADB3MS0wKwYDVQQuEyQzZDRk\nYmQ0OC04N2U0LTRkOWQtYjk0OS04M2YzOGE0YzAyZGIxIzAhBgNVBAMTGkdvb2ds\nZSBDbG91ZCBTUUwgU2VydmVyIENBMRQwEgYDVQQKEwtHb29nbGUsIEluYzELMAkG\nA1UEBhMCVVMwHhcNMjMxMDIzMTE1NTAzWhcNMzMxMDIwMTE1NjAzWjB3MS0wKwYD\nVQQuEyQzZDRkYmQ0OC04N2U0LTRkOWQtYjk0OS04M2YzOGE0YzAyZGIxIzAhBgNV\nBAMTGkdvb2dsZSBDbG91ZCBTUUwgU2VydmVyIENBMRQwEgYDVQQKEwtHb29nbGUs\nIEluYzELMAkGA1UEBhMCVVMwggEiMA0GCSqGSIb3DQEBAQUAA4IBDwAwggEKAoIB\nAQCYf7lIn+i7fz1WXMZxNLXZZOWeGSv681RHqfQNCM+uPEW3eLX4fqPR2vgPvOGE\nuh55uqAdytBnZpnvxWjFgXyEeqZ2OM/Ri6EzIIXTUKNMghLWN+qHjRytb3oA0gLA\n8N2EIQx8r4cVNfArpjWousJKxQjX53bUEreRfANzI9wUWgMSyq8jn62vTNGeqAGr\naEd8sEoR3eaCWepTYc3UhiDxFzUgnKJVMDztzLRcd1f/q4wn3lIbsfaxXNHDkSkV\nOsuTwFli1NQXLx/SBD2CI1qWdgN5VNPs/SKG0RGPVwKUWBFW5jByG38Ow9AN4R+C\nygfsXysn5ynF01GBY+wxtJcvAgMBAAGjFjAUMBIGA1UdEwEB/wQIMAYBAf8CAQAw\nDQYJKoZIhvcNAQELBQADggEBAG65w4mg3rO+pP6ztwddxH1Ka1hnwUWbQOOkwv5M\nin7MFUyU2GONKsmKogmOxad8J2cTxI++9LQlK7d4QAOXWQDOsB7AkIvQwqovZZbJ\nZXt/l73i27KB+FVrChRD9R4NXPmP97ByxPGsThE7gq3jos7bmTEJHhU15LjOu2MD\n6huqeeMLDgx0Q5LczUXUW3lDNk5T1sDgcxTixkhDW6XiaXoN0FThBDmDUYwuM8Eq\n7/HCLcdfzIlkVORG+RrQ0Fe0Dq6NdySmy+JzU62NOThdyTfL9mYlX9T9StWnijkN\nC5Yp3fLaUS3dbRbatI2HsAtolSWQmeIA2y5Ri2eDtX+thw0=\n-----END CERTIFICATE-----",
                "common_name": "C=US,O=Google\\, Inc,CN=Google Cloud SQL Server CA,dnQualifier=3d4dbd48-87e4-4d9d-b949-83f38a4c02db",
                "create_time": "2023-10-23T11:55:03.041Z",
                "expiration_time": "2033-10-20T11:56:03.041Z",
                "sha1_fingerprint": "da0b0a52de138fd8e05184cf35329e179738fd74"
              }
            ],
            "service_account_email_address": "p1056961399461-5gg3et@gcp-sa-cloud-sql.iam.gserviceaccount.com",
            "settings": [
              {
                "activation_policy": "ALWAYS",
                "availability_type": "ZONAL",
                "backup_configuration": [
                  {
                    "backup_retention_settings": [
                      {
                        "retained_backups": 7,
                        "retention_unit": "COUNT"
                      }
                    ],
                    "binary_log_enabled": false,
                    "enabled": false,
                    "location": "",
                    "point_in_time_recovery_enabled": false,
                    "start_time": "23:00",
                    "transaction_log_retention_days": 7
                  }
                ],
                "collation": "",
                "database_flags": [],
                "disk_autoresize": true,
                "disk_autoresize_limit": 0,
                "disk_size": 10,
                "disk_type": "PD_SSD",
                "insights_config": [],
                "ip_configuration": [
                  {
                    "allocated_ip_range": "",
                    "authorized_networks": [
                      {
                        "expiration_time": "",
                        "name": "test-cluster",
                        "value": "0.0.0.0/0"
                      }
                    ],
                    "ipv4_enabled": true,
                    "private_network": "",
                    "require_ssl": false
                  }
                ],
                "location_preference": [
                  {
                    "follow_gae_application": "",
                    "zone": "us-central1-b"
                  }
                ],
                "maintenance_window": [],
                "pricing_plan": "PER_USE",
                "tier": "db-f1-micro",
                "user_labels": {},
                "version": 1
              }
            ],
            "timeouts": null
          },
          "sensitive_attributes": [],
          "private": "eyJlMmJmYjczMC1lY2FhLTExZTYtOGY4OC0zNDM2M2JjN2M0YzAiOnsiY3JlYXRlIjoxODAwMDAwMDAwMDAwLCJkZWxldGUiOjE4MDAwMDAwMDAwMDAsInVwZGF0ZSI6MTgwMDAwMDAwMDAwMH19"
        }
      ]
    },
    {
      "module": "module.gke",
      "mode": "managed",
      "type": "google_container_cluster",
      "name": "primary",
      "provider": "provider[\"registry.terraform.io/hashicorp/google\"]",
      "instances": [
        {
          "schema_version": 1,
          "attributes": {
            "addons_config": [
              {
                "cloudrun_config": [],
                "horizontal_pod_autoscaling": [],
                "http_load_balancing": [],
                "network_policy_config": [
                  {
                    "disabled": true
                  }
                ]
              }
            ],
            "authenticator_groups_config": [],
            "cluster_autoscaling": [
              {
                "auto_provisioning_defaults": [],
                "enabled": false,
                "resource_limits": []
              }
            ],
            "cluster_ipv4_cidr": "10.128.0.0/14",
            "confidential_nodes": [],
            "database_encryption": [
              {
                "key_name": "",
                "state": "DECRYPTED"
              }
            ],
            "datapath_provider": "",
            "default_max_pods_per_node": null,
            "default_snat_status": [
              {
                "disabled": false
              }
            ],
            "description": "",
            "enable_autopilot": false,
            "enable_binary_authorization": false,
            "enable_intranode_visibility": false,
            "enable_kubernetes_alpha": false,
            "enable_legacy_abac": false,
            "enable_shielded_nodes": true,
            "enable_tpu": false,
            "endpoint": "34.122.234.6",
            "id": "projects/wizeline-deb-capstone/locations/us-central1-b/clusters/airflow-gke-sidtest",
            "initial_node_count": 1,
            "ip_allocation_policy": [],
            "label_fingerprint": "a9dc16a7",
            "location": "us-central1-b",
            "logging_config": [
              {
                "enable_components": [
                  "SYSTEM_COMPONENTS",
                  "WORKLOADS"
                ]
              }
            ],
            "logging_service": "logging.googleapis.com/kubernetes",
            "maintenance_policy": [],
            "master_auth": [
              {
                "client_certificate": "",
                "client_certificate_config": [
                  {
                    "issue_client_certificate": false
                  }
                ],
                "client_key": "",
                "cluster_ca_certificate": "LS0tLS1CRUdJTiBDRVJUSUZJQ0FURS0tLS0tCk1JSUVMRENDQXBTZ0F3SUJBZ0lRQVorYjFtVVBuMFl4Q0JGbGpLMnhVVEFOQmdrcWhraUc5dzBCQVFzRkFEQXYKTVMwd0t3WURWUVFERXlReU1qSXdOVGd3TWkxaU5tVmpMVFEzTW1FdFltSm1OeTFtTnpBeE4yVm1ZakJqTkRRdwpJQmNOTWpNeE1ESXpNVEExTlRNMldoZ1BNakExTXpFd01UVXhNVFUxTXpaYU1DOHhMVEFyQmdOVkJBTVRKREl5Ck1qQTFPREF5TFdJMlpXTXRORGN5WVMxaVltWTNMV1kzTURFM1pXWmlNR00wTkRDQ0FhSXdEUVlKS29aSWh2Y04KQVFFQkJRQURnZ0dQQURDQ0FZb0NnZ0dCQUpiTVA3LzNoM1htcFgwQjBkNHo4MzlSdUVCRGFVZEFrK2ROeHF2cQpieDlacEwyQ3M2NXRvbXluMWdZRjE4L1FWaElST2FyeitvNzBXU1dFY1p1citway9lcmlGSmtFTkFSdWpEQWlPClBtUGwzaWNlbVVvVU80RzQ2TFAzRVZtOXd5WERscmlvaXlabE1QNURHUWx6VHJqVkZnZnRsaS9FTkZOc0xHcG8KNU92L0EvWVJLZ0VjQStaVzhwSjlqSFJsa0pScmZKVElOQUJCNXZWQVV1WWs4Q1o2WE0zcG5HL3ljSURJZlo4agoxb3pTbVkxdmZzUm9tb3pzdG03QzFTbTZudTNwWVVWbmdTS0Y5V01mYXdMYno5bTVsNWJNMFJxdUNMZFRXUkpkCjk3bVlGSGFCOTlGbXFpNXNobUIrQXFmVmhwbkMvSmhvZjRmOEtSRzArTmtMSWlVeTk1RThQTGRPQmpDWFErRUYKVUc1S0xHdCtCd2FKZUpEQ1Yrc0Mwc0NSUURxb25yVU1ONGJmVDl2OGx6RnhLeEVsYTkrTG9hQ1VjS0xUWS9udApFcW1lUUZrUWN1N3hFMnV0OHcrWDdJNlpNYVlyMXRIS0xhcmU1R05rTWpJTGNjVGJobkRPY2FrZEJkMnVkRWFwCmRJcENXRVNSVnoyR1dYaXBlcHVWSGxycDhRSURBUUFCbzBJd1FEQU9CZ05WSFE4QkFmOEVCQU1DQWdRd0R3WUQKVlIwVEFRSC9CQVV3QXdFQi96QWRCZ05WSFE0RUZnUVV6SlF3NXFLTXU5MnBQN0l5VkxyajY4bGRyVm93RFFZSgpLb1pJaHZjTkFRRUxCUUFEZ2dHQkFHME1meGY1TTFYR1dIK2pkbHBXNHNTN3FhT254RTE4RTFaUmNzaVVORHlDCkI0QldLZTNxakx2YnVhNjBhYm5GclFZb3FRMHJLcUJBc09KeU9ObDU1ekRFajM1ZkFEZDlvVCtHdTJBMWFLSjYKZzJCdTR1THpSTkJOSTBjUzZDMWZyOGRxZXBBSnVLUWYxZ1pFUDRoL1o2dTMzeCt4eUhkZW9RQnpOMEF1Q0pNSQpWRk1FQU9yeWd0VlFaNGtPSHk1bmFyV3hHQThid28rQWp0dWliVlpxMHkwT29QZzJPK09JZVhnVGkwQ29yT2laCnpPMWNaR3pINHluQ0xObHAzOG1ocFhIaUU4a3N6cm4rQlBWTUpBVTZiUWhQekdSWit4ZmV2UGliRmo1V0laZW4KWWE3eFZGdGlZQ0taSjUwMXhkSWJJc2VOTmp3QzloV2NoUGhnU2hucmdvNDJHbEt2VHl2cXhUdUcvSzUxVVl6cwpPeHBmL044Q0U3bW1aOXdHTGZ3US9OTUdDZFRTa3NlTFJIelZoblhmODhpZW1FbjVjekNmak8xbEFqRHdkMk5DCmhSU2tnYjZYbmZERW8rb1hTYVo0MjNoWldmblNjajREY3UzWGFCbE85cS9MRE00QkovajhSczFyeFZPa0hhVHMKSzdVQzAzNzRBT2hsdnEzeXkxSFR5dz09Ci0tLS0tRU5EIENFUlRJRklDQVRFLS0tLS0K"
              }
            ],
            "master_authorized_networks_config": [],
            "master_version": "1.27.3-gke.100",
            "min_master_version": null,
            "monitoring_config": [
              {
                "enable_components": [
                  "SYSTEM_COMPONENTS"
                ]
              }
            ],
            "monitoring_service": "monitoring.googleapis.com/kubernetes",
            "name": "airflow-gke-sidtest",
            "network": "projects/wizeline-deb-capstone/global/networks/wizeline-deb-capstone-vpc",
            "network_policy": [
              {
                "enabled": false,
                "provider": "PROVIDER_UNSPECIFIED"
              }
            ],
            "networking_mode": "ROUTES",
            "node_config": [],
            "node_locations": [],
            "node_pool": [],
            "node_version": "1.27.3-gke.100",
            "operation": null,
            "private_cluster_config": [
              {
                "enable_private_endpoint": false,
                "enable_private_nodes": false,
                "master_global_access_config": [
                  {
                    "enabled": false
                  }
                ],
                "master_ipv4_cidr_block": "",
                "peering_name": "",
                "private_endpoint": "10.0.1.2",
                "public_endpoint": "34.122.234.6"
              }
            ],
            "private_ipv6_google_access": "",
            "project": "wizeline-deb-capstone",
            "release_channel": [
              {
                "channel": "REGULAR"
              }
            ],
            "remove_default_node_pool": true,
            "resource_labels": null,
            "resource_usage_export_config": [],
            "self_link": "https://container.googleapis.com/v1/projects/wizeline-deb-capstone/zones/us-central1-b/clusters/airflow-gke-sidtest",
            "services_ipv4_cidr": "10.131.240.0/20",
            "subnetwork": "projects/wizeline-deb-capstone/regions/us-central1/subnetworks/private-0-private-subnet",
            "timeouts": null,
            "tpu_ipv4_cidr_block": "",
            "vertical_pod_autoscaling": [],
            "workload_identity_config": []
          },
          "sensitive_attributes": [],
          "private": "eyJlMmJmYjczMC1lY2FhLTExZTYtOGY4OC0zNDM2M2JjN2M0YzAiOnsiY3JlYXRlIjoyNDAwMDAwMDAwMDAwLCJkZWxldGUiOjI0MDAwMDAwMDAwMDAsInJlYWQiOjI0MDAwMDAwMDAwMDAsInVwZGF0ZSI6MzYwMDAwMDAwMDAwMH0sInNjaGVtYV92ZXJzaW9uIjoiMSJ9",
          "dependencies": [
            "module.vpc.google_compute_network.main-vpc",
            "module.vpc.google_compute_subnetwork.private_subnets"
          ]
        }
      ]
    },
    {
      "module": "module.gke",
      "mode": "managed",
      "type": "google_container_node_pool",
      "name": "primary_nodes",
      "provider": "provider[\"registry.terraform.io/hashicorp/google\"]",
      "instances": [
        {
          "schema_version": 1,
          "attributes": {
            "autoscaling": [],
            "cluster": "airflow-gke-sidtest",
            "id": "projects/wizeline-deb-capstone/locations/us-central1-b/clusters/airflow-gke-sidtest/nodePools/airflow-gke-sidtest-node-pool",
            "initial_node_count": 2,
            "instance_group_urls": [
              "https://www.googleapis.com/compute/v1/projects/wizeline-deb-capstone/zones/us-central1-b/instanceGroupManagers/gke-airflow-gke-sidt-airflow-gke-sidt-e23325fa-grp"
            ],
            "location": "us-central1-b",
            "managed_instance_group_urls": [
              "https://www.googleapis.com/compute/v1/projects/wizeline-deb-capstone/zones/us-central1-b/instanceGroups/gke-airflow-gke-sidt-airflow-gke-sidt-e23325fa-grp"
            ],
            "management": [
              {
                "auto_repair": true,
                "auto_upgrade": true
              }
            ],
            "max_pods_per_node": null,
            "name": "airflow-gke-sidtest-node-pool",
            "name_prefix": "",
            "node_config": [
              {
                "disk_size_gb": 100,
                "disk_type": "pd-balanced",
                "gcfs_config": [],
                "guest_accelerator": [],
                "image_type": "COS_CONTAINERD",
                "labels": {
                  "env": "wizeline-deb-capstone"
                },
                "local_ssd_count": 0,
                "machine_type": "n1-standard-2",
                "metadata": {
                  "disable-legacy-endpoints": "true"
                },
                "min_cpu_platform": "",
                "node_group": "",
                "oauth_scopes": [
                  "https://www.googleapis.com/auth/logging.write",
                  "https://www.googleapis.com/auth/monitoring"
                ],
                "preemptible": false,
                "service_account": "default",
                "shielded_instance_config": [
                  {
                    "enable_integrity_monitoring": true,
                    "enable_secure_boot": false
                  }
                ],
                "tags": [
                  "gke-node",
                  "wizeline-deb-capstone-gke"
                ],
                "taint": [],
                "workload_metadata_config": []
              }
            ],
            "node_count": 2,
            "node_locations": [
              "us-central1-b"
            ],
            "operation": null,
            "project": "wizeline-deb-capstone",
            "timeouts": null,
            "upgrade_settings": [
              {
                "max_surge": 1,
                "max_unavailable": 0
              }
            ],
            "version": "1.27.3-gke.100"
          },
          "sensitive_attributes": [],
          "private": "eyJlMmJmYjczMC1lY2FhLTExZTYtOGY4OC0zNDM2M2JjN2M0YzAiOnsiY3JlYXRlIjoxODAwMDAwMDAwMDAwLCJkZWxldGUiOjE4MDAwMDAwMDAwMDAsInVwZGF0ZSI6MTgwMDAwMDAwMDAwMH0sInNjaGVtYV92ZXJzaW9uIjoiMSJ9",
          "dependencies": [
            "module.gke.google_container_cluster.primary",
            "module.vpc.google_compute_network.main-vpc",
            "module.vpc.google_compute_subnetwork.private_subnets"
          ]
        }
      ]
    },
    {
      "module": "module.google_storage_bucket",
      "mode": "managed",
      "type": "google_storage_bucket",
      "name": "capstone_bucket",
      "provider": "provider[\"registry.terraform.io/hashicorp/google\"]",
      "instances": [
        {
          "schema_version": 0,
          "attributes": {
            "cors": [],
            "default_event_based_hold": false,
            "encryption": [],
            "force_destroy": true,
            "id": "wizeline_bootcamp_bucket",
            "labels": {
              "environment": "dev"
            },
            "lifecycle_rule": [],
            "location": "US",
            "logging": [],
            "name": "wizeline_bootcamp_bucket",
            "project": "wizeline-deb-capstone",
            "requester_pays": false,
            "retention_policy": [],
            "self_link": "https://www.googleapis.com/storage/v1/b/wizeline_bootcamp_bucket",
            "storage_class": "STANDARD",
            "uniform_bucket_level_access": false,
            "url": "gs://wizeline_bootcamp_bucket",
            "versioning": [],
            "website": []
          },
          "sensitive_attributes": [],
          "private": "bnVsbA=="
        }
      ]
    },
    {
      "module": "module.vpc",
      "mode": "managed",
      "type": "google_compute_network",
      "name": "main-vpc",
      "provider": "provider[\"registry.terraform.io/hashicorp/google\"]",
      "instances": [
        {
          "schema_version": 0,
          "attributes": {
            "auto_create_subnetworks": false,
            "delete_default_routes_on_create": false,
            "description": "",
            "gateway_ipv4": "",
            "id": "projects/wizeline-deb-capstone/global/networks/wizeline-deb-capstone-vpc",
            "mtu": 0,
            "name": "wizeline-deb-capstone-vpc",
            "project": "wizeline-deb-capstone",
            "routing_mode": "REGIONAL",
            "self_link": "https://www.googleapis.com/compute/v1/projects/wizeline-deb-capstone/global/networks/wizeline-deb-capstone-vpc",
            "timeouts": null
          },
          "sensitive_attributes": [],
          "private": "eyJlMmJmYjczMC1lY2FhLTExZTYtOGY4OC0zNDM2M2JjN2M0YzAiOnsiY3JlYXRlIjoyNDAwMDAwMDAwMDAsImRlbGV0ZSI6MjQwMDAwMDAwMDAwLCJ1cGRhdGUiOjI0MDAwMDAwMDAwMH19"
        }
      ]
    },
    {
      "module": "module.vpc",
      "mode": "managed",
      "type": "google_compute_subnetwork",
      "name": "private_subnets",
      "provider": "provider[\"registry.terraform.io/hashicorp/google\"]",
      "instances": [
        {
          "index_key": 0,
          "schema_version": 0,
          "attributes": {
            "creation_timestamp": "2023-10-23T04:55:19.114-07:00",
            "description": "",
            "external_ipv6_prefix": "",
            "fingerprint": null,
            "gateway_address": "10.0.1.1",
            "id": "projects/wizeline-deb-capstone/regions/us-central1/subnetworks/private-0-private-subnet",
            "ip_cidr_range": "10.0.1.0/24",
            "ipv6_access_type": "",
            "ipv6_cidr_range": "",
            "log_config": [],
            "name": "private-0-private-subnet",
            "network": "https://www.googleapis.com/compute/v1/projects/wizeline-deb-capstone/global/networks/wizeline-deb-capstone-vpc",
            "private_ip_google_access": false,
            "private_ipv6_google_access": "DISABLE_GOOGLE_ACCESS",
            "project": "wizeline-deb-capstone",
            "purpose": "PRIVATE",
            "region": "us-central1",
            "role": "",
            "secondary_ip_range": [],
            "self_link": "https://www.googleapis.com/compute/v1/projects/wizeline-deb-capstone/regions/us-central1/subnetworks/private-0-private-subnet",
            "stack_type": "IPV4_ONLY",
            "timeouts": null
          },
          "sensitive_attributes": [],
          "private": "eyJlMmJmYjczMC1lY2FhLTExZTYtOGY4OC0zNDM2M2JjN2M0YzAiOnsiY3JlYXRlIjozNjAwMDAwMDAwMDAsImRlbGV0ZSI6MzYwMDAwMDAwMDAwLCJ1cGRhdGUiOjM2MDAwMDAwMDAwMH19",
          "dependencies": [
            "module.vpc.google_compute_network.main-vpc"
          ]
        },
        {
          "index_key": 1,
          "schema_version": 0,
          "attributes": {
            "creation_timestamp": "2023-10-23T04:55:19.000-07:00",
            "description": "",
            "external_ipv6_prefix": "",
            "fingerprint": null,
            "gateway_address": "10.0.2.1",
            "id": "projects/wizeline-deb-capstone/regions/us-central1/subnetworks/private-1-private-subnet",
            "ip_cidr_range": "10.0.2.0/24",
            "ipv6_access_type": "",
            "ipv6_cidr_range": "",
            "log_config": [],
            "name": "private-1-private-subnet",
            "network": "https://www.googleapis.com/compute/v1/projects/wizeline-deb-capstone/global/networks/wizeline-deb-capstone-vpc",
            "private_ip_google_access": false,
            "private_ipv6_google_access": "DISABLE_GOOGLE_ACCESS",
            "project": "wizeline-deb-capstone",
            "purpose": "PRIVATE",
            "region": "us-central1",
            "role": "",
            "secondary_ip_range": [],
            "self_link": "https://www.googleapis.com/compute/v1/projects/wizeline-deb-capstone/regions/us-central1/subnetworks/private-1-private-subnet",
            "stack_type": "IPV4_ONLY",
            "timeouts": null
          },
          "sensitive_attributes": [],
          "private": "eyJlMmJmYjczMC1lY2FhLTExZTYtOGY4OC0zNDM2M2JjN2M0YzAiOnsiY3JlYXRlIjozNjAwMDAwMDAwMDAsImRlbGV0ZSI6MzYwMDAwMDAwMDAwLCJ1cGRhdGUiOjM2MDAwMDAwMDAwMH19",
          "dependencies": [
            "module.vpc.google_compute_network.main-vpc"
          ]
        },
        {
          "index_key": 2,
          "schema_version": 0,
          "attributes": {
            "creation_timestamp": "2023-10-23T04:55:19.679-07:00",
            "description": "",
            "external_ipv6_prefix": "",
            "fingerprint": null,
            "gateway_address": "10.0.3.1",
            "id": "projects/wizeline-deb-capstone/regions/us-central1/subnetworks/private-2-private-subnet",
            "ip_cidr_range": "10.0.3.0/24",
            "ipv6_access_type": "",
            "ipv6_cidr_range": "",
            "log_config": [],
            "name": "private-2-private-subnet",
            "network": "https://www.googleapis.com/compute/v1/projects/wizeline-deb-capstone/global/networks/wizeline-deb-capstone-vpc",
            "private_ip_google_access": false,
            "private_ipv6_google_access": "DISABLE_GOOGLE_ACCESS",
            "project": "wizeline-deb-capstone",
            "purpose": "PRIVATE",
            "region": "us-central1",
            "role": "",
            "secondary_ip_range": [],
            "self_link": "https://www.googleapis.com/compute/v1/projects/wizeline-deb-capstone/regions/us-central1/subnetworks/private-2-private-subnet",
            "stack_type": "IPV4_ONLY",
            "timeouts": null
          },
          "sensitive_attributes": [],
          "private": "eyJlMmJmYjczMC1lY2FhLTExZTYtOGY4OC0zNDM2M2JjN2M0YzAiOnsiY3JlYXRlIjozNjAwMDAwMDAwMDAsImRlbGV0ZSI6MzYwMDAwMDAwMDAwLCJ1cGRhdGUiOjM2MDAwMDAwMDAwMH19",
          "dependencies": [
            "module.vpc.google_compute_network.main-vpc"
          ]
        }
      ]
    },
    {
      "module": "module.vpc",
      "mode": "managed",
      "type": "google_compute_subnetwork",
      "name": "public_subnets",
      "provider": "provider[\"registry.terraform.io/hashicorp/google\"]",
      "instances": [
        {
          "index_key": 0,
          "schema_version": 0,
          "attributes": {
            "creation_timestamp": "2023-10-23T04:55:19.122-07:00",
            "description": "",
            "external_ipv6_prefix": "",
            "fingerprint": null,
            "gateway_address": "10.0.4.1",
            "id": "projects/wizeline-deb-capstone/regions/us-central1/subnetworks/public-0-public-subnet",
            "ip_cidr_range": "10.0.4.0/24",
            "ipv6_access_type": "",
            "ipv6_cidr_range": "",
            "log_config": [],
            "name": "public-0-public-subnet",
            "network": "https://www.googleapis.com/compute/v1/projects/wizeline-deb-capstone/global/networks/wizeline-deb-capstone-vpc",
            "private_ip_google_access": false,
            "private_ipv6_google_access": "DISABLE_GOOGLE_ACCESS",
            "project": "wizeline-deb-capstone",
            "purpose": "PRIVATE",
            "region": "us-central1",
            "role": "",
            "secondary_ip_range": [],
            "self_link": "https://www.googleapis.com/compute/v1/projects/wizeline-deb-capstone/regions/us-central1/subnetworks/public-0-public-subnet",
            "stack_type": "IPV4_ONLY",
            "timeouts": null
          },
          "sensitive_attributes": [],
          "private": "eyJlMmJmYjczMC1lY2FhLTExZTYtOGY4OC0zNDM2M2JjN2M0YzAiOnsiY3JlYXRlIjozNjAwMDAwMDAwMDAsImRlbGV0ZSI6MzYwMDAwMDAwMDAwLCJ1cGRhdGUiOjM2MDAwMDAwMDAwMH19",
          "dependencies": [
            "module.vpc.google_compute_network.main-vpc"
          ]
        },
        {
          "index_key": 1,
          "schema_version": 0,
          "attributes": {
            "creation_timestamp": "2023-10-23T04:55:19.778-07:00",
            "description": "",
            "external_ipv6_prefix": "",
            "fingerprint": null,
            "gateway_address": "10.0.5.1",
            "id": "projects/wizeline-deb-capstone/regions/us-central1/subnetworks/public-1-public-subnet",
            "ip_cidr_range": "10.0.5.0/24",
            "ipv6_access_type": "",
            "ipv6_cidr_range": "",
            "log_config": [],
            "name": "public-1-public-subnet",
            "network": "https://www.googleapis.com/compute/v1/projects/wizeline-deb-capstone/global/networks/wizeline-deb-capstone-vpc",
            "private_ip_google_access": false,
            "private_ipv6_google_access": "DISABLE_GOOGLE_ACCESS",
            "project": "wizeline-deb-capstone",
            "purpose": "PRIVATE",
            "region": "us-central1",
            "role": "",
            "secondary_ip_range": [],
            "self_link": "https://www.googleapis.com/compute/v1/projects/wizeline-deb-capstone/regions/us-central1/subnetworks/public-1-public-subnet",
            "stack_type": "IPV4_ONLY",
            "timeouts": null
          },
          "sensitive_attributes": [],
          "private": "eyJlMmJmYjczMC1lY2FhLTExZTYtOGY4OC0zNDM2M2JjN2M0YzAiOnsiY3JlYXRlIjozNjAwMDAwMDAwMDAsImRlbGV0ZSI6MzYwMDAwMDAwMDAwLCJ1cGRhdGUiOjM2MDAwMDAwMDAwMH19",
          "dependencies": [
            "module.vpc.google_compute_network.main-vpc"
          ]
        },
        {
          "index_key": 2,
          "schema_version": 0,
          "attributes": {
            "creation_timestamp": "2023-10-23T04:55:19.681-07:00",
            "description": "",
            "external_ipv6_prefix": "",
            "fingerprint": null,
            "gateway_address": "10.0.6.1",
            "id": "projects/wizeline-deb-capstone/regions/us-central1/subnetworks/public-2-public-subnet",
            "ip_cidr_range": "10.0.6.0/24",
            "ipv6_access_type": "",
            "ipv6_cidr_range": "",
            "log_config": [],
            "name": "public-2-public-subnet",
            "network": "https://www.googleapis.com/compute/v1/projects/wizeline-deb-capstone/global/networks/wizeline-deb-capstone-vpc",
            "private_ip_google_access": false,
            "private_ipv6_google_access": "DISABLE_GOOGLE_ACCESS",
            "project": "wizeline-deb-capstone",
            "purpose": "PRIVATE",
            "region": "us-central1",
            "role": "",
            "secondary_ip_range": [],
            "self_link": "https://www.googleapis.com/compute/v1/projects/wizeline-deb-capstone/regions/us-central1/subnetworks/public-2-public-subnet",
            "stack_type": "IPV4_ONLY",
            "timeouts": null
          },
          "sensitive_attributes": [],
          "private": "eyJlMmJmYjczMC1lY2FhLTExZTYtOGY4OC0zNDM2M2JjN2M0YzAiOnsiY3JlYXRlIjozNjAwMDAwMDAwMDAsImRlbGV0ZSI6MzYwMDAwMDAwMDAwLCJ1cGRhdGUiOjM2MDAwMDAwMDAwMH19",
          "dependencies": [
            "module.vpc.google_compute_network.main-vpc"
          ]
        }
      ]
    }
  ],
  "check_results": null
}
